
Microsoft Visual Studio Solution File, Format Version 12.00
# Visual Studio Version 17
VisualStudioVersion = 17.6.33829.357
MinimumVisualStudioVersion = 10.0.40219.1
Project("{FAE04EC0-301F-11D3-BF4B-00C04F79EFBC}") = "JwtWebApi", "JwtWebApi\JwtWebApi.csproj", "{053883C4-C0C0-4EAE-901A-466DDAC25731}"
EndProject
Global
	GlobalSection(SolutionConfigurationPlatforms) = preSolution
		Debug|Any CPU = Debug|Any CPU
		Release|Any CPU = Release|Any CPU
	EndGlobalSection
	GlobalSection(ProjectConfigurationPlatforms) = postSolution
		{053883C4-C0C0-4EAE-901A-466DDAC25731}.Debug|Any CPU.ActiveCfg = Debug|Any CPU
		{053883C4-C0C0-4EAE-901A-466DDAC25731}.Debug|Any CPU.Build.0 = Debug|Any CPU
		{053883C4-C0C0-4EAE-901A-466DDAC25731}.Release|Any CPU.ActiveCfg = Release|Any CPU
		{053883C4-C0C0-4EAE-901A-466DDAC25731}.Release|Any CPU.Build.0 = Release|Any CPU
	EndGlobalSection
	GlobalSection(SolutionProperties) = preSolution
		HideSolutionNode = FALSE
	EndGlobalSection
	GlobalSection(ExtensibilityGlobals) = postSolution
		SolutionGuid = {65EE7B1A-1B9F-4321-AB6C-6B0AED0CAC57}
	EndGlobalSection
EndGlobal
